
Microsoft Visual Studio Solution File, Format Version 12.00
# Visual Studio Version 17
VisualStudioVersion = 17.10.34928.147
MinimumVisualStudioVersion = 10.0.40219.1
Project("{9A19103F-16F7-4668-BE54-9A1E7A4F7556}") = "TST.Web", "TST.Web\TST.Web.csproj", "{D8FBFB4B-90E3-41EF-856D-587D9EA8FD3A}"
EndProject
Project("{FAE04EC0-301F-11D3-BF4B-00C04F79EFBC}") = "TST.Core", "TST.Core\TST.Core.csproj", "{DEC02CF3-0898-4C80-BD10-0E251ADFF00C}"
EndProject
Project("{FAE04EC0-301F-11D3-BF4B-00C04F79EFBC}") = "TST.DataAccess", "TST.DataAccess\TST.DataAccess.csproj", "{0D5350BD-0EF5-4979-A0D1-D387DFEF04F7}"
EndProject
Global
	GlobalSection(SolutionConfigurationPlatforms) = preSolution
		Debug|Any CPU = Debug|Any CPU
		Release|Any CPU = Release|Any CPU
	EndGlobalSection
	GlobalSection(ProjectConfigurationPlatforms) = postSolution
		{D8FBFB4B-90E3-41EF-856D-587D9EA8FD3A}.Debug|Any CPU.ActiveCfg = Debug|Any CPU
		{D8FBFB4B-90E3-41EF-856D-587D9EA8FD3A}.Debug|Any CPU.Build.0 = Debug|Any CPU
		{D8FBFB4B-90E3-41EF-856D-587D9EA8FD3A}.Release|Any CPU.ActiveCfg = Release|Any CPU
		{D8FBFB4B-90E3-41EF-856D-587D9EA8FD3A}.Release|Any CPU.Build.0 = Release|Any CPU
		{DEC02CF3-0898-4C80-BD10-0E251ADFF00C}.Debug|Any CPU.ActiveCfg = Debug|Any CPU
		{DEC02CF3-0898-4C80-BD10-0E251ADFF00C}.Debug|Any CPU.Build.0 = Debug|Any CPU
		{DEC02CF3-0898-4C80-BD10-0E251ADFF00C}.Release|Any CPU.ActiveCfg = Release|Any CPU
		{DEC02CF3-0898-4C80-BD10-0E251ADFF00C}.Release|Any CPU.Build.0 = Release|Any CPU
		{0D5350BD-0EF5-4979-A0D1-D387DFEF04F7}.Debug|Any CPU.ActiveCfg = Debug|Any CPU
		{0D5350BD-0EF5-4979-A0D1-D387DFEF04F7}.Debug|Any CPU.Build.0 = Debug|Any CPU
		{0D5350BD-0EF5-4979-A0D1-D387DFEF04F7}.Release|Any CPU.ActiveCfg = Release|Any CPU
		{0D5350BD-0EF5-4979-A0D1-D387DFEF04F7}.Release|Any CPU.Build.0 = Release|Any CPU
	EndGlobalSection
	GlobalSection(SolutionProperties) = preSolution
		HideSolutionNode = FALSE
	EndGlobalSection
	GlobalSection(ExtensibilityGlobals) = postSolution
		SolutionGuid = {BD92D1D5-2D24-4D83-938E-4C03F860682E}
	EndGlobalSection
EndGlobal
